
Microsoft Visual Studio Solution File, Format Version 12.00
# Visual Studio Version 17
VisualStudioVersion = 17.3.32929.385
MinimumVisualStudioVersion = 10.0.40219.1
Project("{FAE04EC0-301F-11D3-BF4B-00C04F79EFBC}") = "ApiProject", "ApiProject.csproj", "{FAFA43E9-7F69-4E31-9B73-5BF42579B58E}"
EndProject
Global
	GlobalSection(SolutionConfigurationPlatforms) = preSolution
		Debug|Any CPU = Debug|Any CPU
		Release|Any CPU = Release|Any CPU
	EndGlobalSection
	GlobalSection(ProjectConfigurationPlatforms) = postSolution
		{FAFA43E9-7F69-4E31-9B73-5BF42579B58E}.Debug|Any CPU.ActiveCfg = Debug|Any CPU
		{FAFA43E9-7F69-4E31-9B73-5BF42579B58E}.Debug|Any CPU.Build.0 = Debug|Any CPU
		{FAFA43E9-7F69-4E31-9B73-5BF42579B58E}.Release|Any CPU.ActiveCfg = Release|Any CPU
		{FAFA43E9-7F69-4E31-9B73-5BF42579B58E}.Release|Any CPU.Build.0 = Release|Any CPU
	EndGlobalSection
	GlobalSection(SolutionProperties) = preSolution
		HideSolutionNode = FALSE
	EndGlobalSection
	GlobalSection(ExtensibilityGlobals) = postSolution
		SolutionGuid = {95CE6222-2EB6-4538-A2AF-5EE38C009A7E}
	EndGlobalSection
EndGlobal
